// !$*UTF8*$!
{
	archiveVersion = 1;
	classes = {
	};
	objectVersion = 50;
	objects = {

/* Begin PBXBuildFile section */
		EB4847E424A94BAD00E92106 /* FloraRouter.swift in Sources */ = {isa = PBXBuildFile; fileRef = EB4847E324A94BAD00E92106 /* FloraRouter.swift */; };
		EB4847E724A9CB6900E92106 /* ApiClient.swift in Sources */ = {isa = PBXBuildFile; fileRef = EB4847E624A9CB6900E92106 /* ApiClient.swift */; };
		EB4847E924A9CBD000E92106 /* Schema.swift in Sources */ = {isa = PBXBuildFile; fileRef = EB4847E824A9CBD000E92106 /* Schema.swift */; };
		EB4847EC24A9D5CC00E92106 /* FloraView.swift in Sources */ = {isa = PBXBuildFile; fileRef = EB4847EB24A9D5CC00E92106 /* FloraView.swift */; };
		EBC2A7C824A9135900F9F6BE /* AppDelegate.swift in Sources */ = {isa = PBXBuildFile; fileRef = EBC2A7C724A9135900F9F6BE /* AppDelegate.swift */; };
		EBC2A7CA24A9135900F9F6BE /* SceneDelegate.swift in Sources */ = {isa = PBXBuildFile; fileRef = EBC2A7C924A9135900F9F6BE /* SceneDelegate.swift */; };
		EBC2A7CC24A9135900F9F6BE /* LoginView.swift in Sources */ = {isa = PBXBuildFile; fileRef = EBC2A7CB24A9135900F9F6BE /* LoginView.swift */; };
		EBC2A7CE24A9135A00F9F6BE /* Assets.xcassets in Resources */ = {isa = PBXBuildFile; fileRef = EBC2A7CD24A9135A00F9F6BE /* Assets.xcassets */; };
		EBC2A7D124A9135A00F9F6BE /* Preview Assets.xcassets in Resources */ = {isa = PBXBuildFile; fileRef = EBC2A7D024A9135A00F9F6BE /* Preview Assets.xcassets */; };
		EBC2A7D424A9135A00F9F6BE /* LaunchScreen.storyboard in Resources */ = {isa = PBXBuildFile; fileRef = EBC2A7D224A9135A00F9F6BE /* LaunchScreen.storyboard */; };
		EBC2A7DF24A9135A00F9F6BE /* FloraTests.swift in Sources */ = {isa = PBXBuildFile; fileRef = EBC2A7DE24A9135A00F9F6BE /* FloraTests.swift */; };
		EBC2A7EA24A9135A00F9F6BE /* FloraUITests.swift in Sources */ = {isa = PBXBuildFile; fileRef = EBC2A7E924A9135A00F9F6BE /* FloraUITests.swift */; };
		EBC2A7F924A92F4900F9F6BE /* HttpAuth.swift in Sources */ = {isa = PBXBuildFile; fileRef = EBC2A7F824A92F4900F9F6BE /* HttpAuth.swift */; };
		EBC2A7FB24A942C000F9F6BE /* RootView.swift in Sources */ = {isa = PBXBuildFile; fileRef = EBC2A7FA24A942C000F9F6BE /* RootView.swift */; };
/* End PBXBuildFile section */

/* Begin PBXContainerItemProxy section */
		EBC2A7DB24A9135A00F9F6BE /* PBXContainerItemProxy */ = {
			isa = PBXContainerItemProxy;
			containerPortal = EBC2A7BC24A9135900F9F6BE /* Project object */;
			proxyType = 1;
			remoteGlobalIDString = EBC2A7C324A9135900F9F6BE;
			remoteInfo = Flora;
		};
		EBC2A7E624A9135A00F9F6BE /* PBXContainerItemProxy */ = {
			isa = PBXContainerItemProxy;
			containerPortal = EBC2A7BC24A9135900F9F6BE /* Project object */;
			proxyType = 1;
			remoteGlobalIDString = EBC2A7C324A9135900F9F6BE;
			remoteInfo = Flora;
		};
/* End PBXContainerItemProxy section */

/* Begin PBXFileReference section */
		EB4847E324A94BAD00E92106 /* FloraRouter.swift */ = {isa = PBXFileReference; lastKnownFileType = sourcecode.swift; path = FloraRouter.swift; sourceTree = "<group>"; };
		EB4847E624A9CB6900E92106 /* ApiClient.swift */ = {isa = PBXFileReference; lastKnownFileType = sourcecode.swift; path = ApiClient.swift; sourceTree = "<group>"; };
		EB4847E824A9CBD000E92106 /* Schema.swift */ = {isa = PBXFileReference; lastKnownFileType = sourcecode.swift; path = Schema.swift; sourceTree = "<group>"; };
		EB4847EB24A9D5CC00E92106 /* FloraView.swift */ = {isa = PBXFileReference; lastKnownFileType = sourcecode.swift; path = FloraView.swift; sourceTree = "<group>"; };
		EBC2A7C424A9135900F9F6BE /* Flora.app */ = {isa = PBXFileReference; explicitFileType = wrapper.application; includeInIndex = 0; path = Flora.app; sourceTree = BUILT_PRODUCTS_DIR; };
		EBC2A7C724A9135900F9F6BE /* AppDelegate.swift */ = {isa = PBXFileReference; lastKnownFileType = sourcecode.swift; path = AppDelegate.swift; sourceTree = "<group>"; };
		EBC2A7C924A9135900F9F6BE /* SceneDelegate.swift */ = {isa = PBXFileReference; lastKnownFileType = sourcecode.swift; path = SceneDelegate.swift; sourceTree = "<group>"; };
		EBC2A7CB24A9135900F9F6BE /* LoginView.swift */ = {isa = PBXFileReference; lastKnownFileType = sourcecode.swift; path = LoginView.swift; sourceTree = "<group>"; };
		EBC2A7CD24A9135A00F9F6BE /* Assets.xcassets */ = {isa = PBXFileReference; lastKnownFileType = folder.assetcatalog; path = Assets.xcassets; sourceTree = "<group>"; };
		EBC2A7D024A9135A00F9F6BE /* Preview Assets.xcassets */ = {isa = PBXFileReference; lastKnownFileType = folder.assetcatalog; path = "Preview Assets.xcassets"; sourceTree = "<group>"; };
		EBC2A7D324A9135A00F9F6BE /* Base */ = {isa = PBXFileReference; lastKnownFileType = file.storyboard; name = Base; path = Base.lproj/LaunchScreen.storyboard; sourceTree = "<group>"; };
		EBC2A7D524A9135A00F9F6BE /* Info.plist */ = {isa = PBXFileReference; lastKnownFileType = text.plist.xml; path = Info.plist; sourceTree = "<group>"; };
		EBC2A7DA24A9135A00F9F6BE /* FloraTests.xctest */ = {isa = PBXFileReference; explicitFileType = wrapper.cfbundle; includeInIndex = 0; path = FloraTests.xctest; sourceTree = BUILT_PRODUCTS_DIR; };
		EBC2A7DE24A9135A00F9F6BE /* FloraTests.swift */ = {isa = PBXFileReference; lastKnownFileType = sourcecode.swift; path = FloraTests.swift; sourceTree = "<group>"; };
		EBC2A7E024A9135A00F9F6BE /* Info.plist */ = {isa = PBXFileReference; lastKnownFileType = text.plist.xml; path = Info.plist; sourceTree = "<group>"; };
		EBC2A7E524A9135A00F9F6BE /* FloraUITests.xctest */ = {isa = PBXFileReference; explicitFileType = wrapper.cfbundle; includeInIndex = 0; path = FloraUITests.xctest; sourceTree = BUILT_PRODUCTS_DIR; };
		EBC2A7E924A9135A00F9F6BE /* FloraUITests.swift */ = {isa = PBXFileReference; lastKnownFileType = sourcecode.swift; path = FloraUITests.swift; sourceTree = "<group>"; };
		EBC2A7EB24A9135A00F9F6BE /* Info.plist */ = {isa = PBXFileReference; lastKnownFileType = text.plist.xml; path = Info.plist; sourceTree = "<group>"; };
		EBC2A7F824A92F4900F9F6BE /* HttpAuth.swift */ = {isa = PBXFileReference; lastKnownFileType = sourcecode.swift; path = HttpAuth.swift; sourceTree = "<group>"; };
		EBC2A7FA24A942C000F9F6BE /* RootView.swift */ = {isa = PBXFileReference; lastKnownFileType = sourcecode.swift; path = RootView.swift; sourceTree = "<group>"; };
/* End PBXFileReference section */

/* Begin PBXFrameworksBuildPhase section */
		EBC2A7C124A9135900F9F6BE /* Frameworks */ = {
			isa = PBXFrameworksBuildPhase;
			buildActionMask = 2147483647;
			files = (
			);
			runOnlyForDeploymentPostprocessing = 0;
		};
		EBC2A7D724A9135A00F9F6BE /* Frameworks */ = {
			isa = PBXFrameworksBuildPhase;
			buildActionMask = 2147483647;
			files = (
			);
			runOnlyForDeploymentPostprocessing = 0;
		};
		EBC2A7E224A9135A00F9F6BE /* Frameworks */ = {
			isa = PBXFrameworksBuildPhase;
			buildActionMask = 2147483647;
			files = (
			);
			runOnlyForDeploymentPostprocessing = 0;
		};
/* End PBXFrameworksBuildPhase section */

/* Begin PBXGroup section */
		EB4847E224A94B8000E92106 /* Routing */ = {
			isa = PBXGroup;
			children = (
				EB4847E324A94BAD00E92106 /* FloraRouter.swift */,
			);
			path = Routing;
			sourceTree = "<group>";
		};
		EB4847E524A9CB5500E92106 /* Api */ = {
			isa = PBXGroup;
			children = (
				EB4847E824A9CBD000E92106 /* Schema.swift */,
				EB4847E624A9CB6900E92106 /* ApiClient.swift */,
			);
			path = Api;
			sourceTree = "<group>";
		};
		EB4847EA24A9CC3F00E92106 /* Schema */ = {
			isa = PBXGroup;
			children = (
			);
			path = Schema;
			sourceTree = "<group>";
		};
		EBC2A7BB24A9135900F9F6BE = {
			isa = PBXGroup;
			children = (
				EBC2A7C624A9135900F9F6BE /* Flora */,
				EBC2A7DD24A9135A00F9F6BE /* FloraTests */,
				EBC2A7E824A9135A00F9F6BE /* FloraUITests */,
				EBC2A7C524A9135900F9F6BE /* Products */,
			);
			sourceTree = "<group>";
		};
		EBC2A7C524A9135900F9F6BE /* Products */ = {
			isa = PBXGroup;
			children = (
				EBC2A7C424A9135900F9F6BE /* Flora.app */,
				EBC2A7DA24A9135A00F9F6BE /* FloraTests.xctest */,
				EBC2A7E524A9135A00F9F6BE /* FloraUITests.xctest */,
			);
			name = Products;
			sourceTree = "<group>";
		};
		EBC2A7C624A9135900F9F6BE /* Flora */ = {
			isa = PBXGroup;
			children = (
				EB4847EA24A9CC3F00E92106 /* Schema */,
				EB4847E524A9CB5500E92106 /* Api */,
				EB4847E224A94B8000E92106 /* Routing */,
				EBC2A7F724A92EEA00F9F6BE /* Auth */,
				EBC2A7C724A9135900F9F6BE /* AppDelegate.swift */,
				EBC2A7C924A9135900F9F6BE /* SceneDelegate.swift */,
				EBC2A7CB24A9135900F9F6BE /* LoginView.swift */,
				EBC2A7FA24A942C000F9F6BE /* RootView.swift */,
				EBC2A7CD24A9135A00F9F6BE /* Assets.xcassets */,
				EBC2A7D224A9135A00F9F6BE /* LaunchScreen.storyboard */,
				EBC2A7D524A9135A00F9F6BE /* Info.plist */,
				EBC2A7CF24A9135A00F9F6BE /* Preview Content */,
				EB4847EB24A9D5CC00E92106 /* FloraView.swift */,
			);
			path = Flora;
			sourceTree = "<group>";
		};
		EBC2A7CF24A9135A00F9F6BE /* Preview Content */ = {
			isa = PBXGroup;
			children = (
				EBC2A7D024A9135A00F9F6BE /* Preview Assets.xcassets */,
			);
			path = "Preview Content";
			sourceTree = "<group>";
		};
		EBC2A7DD24A9135A00F9F6BE /* FloraTests */ = {
			isa = PBXGroup;
			children = (
				EBC2A7DE24A9135A00F9F6BE /* FloraTests.swift */,
				EBC2A7E024A9135A00F9F6BE /* Info.plist */,
			);
			path = FloraTests;
			sourceTree = "<group>";
		};
		EBC2A7E824A9135A00F9F6BE /* FloraUITests */ = {
			isa = PBXGroup;
			children = (
				EBC2A7E924A9135A00F9F6BE /* FloraUITests.swift */,
				EBC2A7EB24A9135A00F9F6BE /* Info.plist */,
			);
			path = FloraUITests;
			sourceTree = "<group>";
		};
		EBC2A7F724A92EEA00F9F6BE /* Auth */ = {
			isa = PBXGroup;
			children = (
				EBC2A7F824A92F4900F9F6BE /* HttpAuth.swift */,
			);
			path = Auth;
			sourceTree = "<group>";
		};
/* End PBXGroup section */

/* Begin PBXNativeTarget section */
		EBC2A7C324A9135900F9F6BE /* Flora */ = {
			isa = PBXNativeTarget;
			buildConfigurationList = EBC2A7EE24A9135A00F9F6BE /* Build configuration list for PBXNativeTarget "Flora" */;
			buildPhases = (
				EBC2A7C024A9135900F9F6BE /* Sources */,
				EBC2A7C124A9135900F9F6BE /* Frameworks */,
				EBC2A7C224A9135900F9F6BE /* Resources */,
			);
			buildRules = (
			);
			dependencies = (
			);
			name = Flora;
			productName = Flora;
			productReference = EBC2A7C424A9135900F9F6BE /* Flora.app */;
			productType = "com.apple.product-type.application";
		};
		EBC2A7D924A9135A00F9F6BE /* FloraTests */ = {
			isa = PBXNativeTarget;
			buildConfigurationList = EBC2A7F124A9135A00F9F6BE /* Build configuration list for PBXNativeTarget "FloraTests" */;
			buildPhases = (
				EBC2A7D624A9135A00F9F6BE /* Sources */,
				EBC2A7D724A9135A00F9F6BE /* Frameworks */,
				EBC2A7D824A9135A00F9F6BE /* Resources */,
			);
			buildRules = (
			);
			dependencies = (
				EBC2A7DC24A9135A00F9F6BE /* PBXTargetDependency */,
			);
			name = FloraTests;
			productName = FloraTests;
			productReference = EBC2A7DA24A9135A00F9F6BE /* FloraTests.xctest */;
			productType = "com.apple.product-type.bundle.unit-test";
		};
		EBC2A7E424A9135A00F9F6BE /* FloraUITests */ = {
			isa = PBXNativeTarget;
			buildConfigurationList = EBC2A7F424A9135A00F9F6BE /* Build configuration list for PBXNativeTarget "FloraUITests" */;
			buildPhases = (
				EBC2A7E124A9135A00F9F6BE /* Sources */,
				EBC2A7E224A9135A00F9F6BE /* Frameworks */,
				EBC2A7E324A9135A00F9F6BE /* Resources */,
			);
			buildRules = (
			);
			dependencies = (
				EBC2A7E724A9135A00F9F6BE /* PBXTargetDependency */,
			);
			name = FloraUITests;
			productName = FloraUITests;
			productReference = EBC2A7E524A9135A00F9F6BE /* FloraUITests.xctest */;
			productType = "com.apple.product-type.bundle.ui-testing";
		};
/* End PBXNativeTarget section */

/* Begin PBXProject section */
		EBC2A7BC24A9135900F9F6BE /* Project object */ = {
			isa = PBXProject;
			attributes = {
				LastSwiftUpdateCheck = 1150;
				LastUpgradeCheck = 1150;
				ORGANIZATIONNAME = "Roman Dronov";
				TargetAttributes = {
					EBC2A7C324A9135900F9F6BE = {
						CreatedOnToolsVersion = 11.5;
					};
					EBC2A7D924A9135A00F9F6BE = {
						CreatedOnToolsVersion = 11.5;
						TestTargetID = EBC2A7C324A9135900F9F6BE;
					};
					EBC2A7E424A9135A00F9F6BE = {
						CreatedOnToolsVersion = 11.5;
						TestTargetID = EBC2A7C324A9135900F9F6BE;
					};
				};
			};
			buildConfigurationList = EBC2A7BF24A9135900F9F6BE /* Build configuration list for PBXProject "Flora" */;
			compatibilityVersion = "Xcode 9.3";
			developmentRegion = en;
			hasScannedForEncodings = 0;
			knownRegions = (
				en,
				Base,
			);
			mainGroup = EBC2A7BB24A9135900F9F6BE;
			productRefGroup = EBC2A7C524A9135900F9F6BE /* Products */;
			projectDirPath = "";
			projectRoot = "";
			targets = (
				EBC2A7C324A9135900F9F6BE /* Flora */,
				EBC2A7D924A9135A00F9F6BE /* FloraTests */,
				EBC2A7E424A9135A00F9F6BE /* FloraUITests */,
			);
		};
/* End PBXProject section */

/* Begin PBXResourcesBuildPhase section */
		EBC2A7C224A9135900F9F6BE /* Resources */ = {
			isa = PBXResourcesBuildPhase;
			buildActionMask = 2147483647;
			files = (
				EBC2A7D424A9135A00F9F6BE /* LaunchScreen.storyboard in Resources */,
				EBC2A7D124A9135A00F9F6BE /* Preview Assets.xcassets in Resources */,
				EBC2A7CE24A9135A00F9F6BE /* Assets.xcassets in Resources */,
			);
			runOnlyForDeploymentPostprocessing = 0;
		};
		EBC2A7D824A9135A00F9F6BE /* Resources */ = {
			isa = PBXResourcesBuildPhase;
			buildActionMask = 2147483647;
			files = (
			);
			runOnlyForDeploymentPostprocessing = 0;
		};
		EBC2A7E324A9135A00F9F6BE /* Resources */ = {
			isa = PBXResourcesBuildPhase;
			buildActionMask = 2147483647;
			files = (
			);
			runOnlyForDeploymentPostprocessing = 0;
		};
/* End PBXResourcesBuildPhase section */

/* Begin PBXSourcesBuildPhase section */
		EBC2A7C024A9135900F9F6BE /* Sources */ = {
			isa = PBXSourcesBuildPhase;
			buildActionMask = 2147483647;
			files = (
				EB4847E924A9CBD000E92106 /* Schema.swift in Sources */,
				EB4847E724A9CB6900E92106 /* ApiClient.swift in Sources */,
				EB4847EC24A9D5CC00E92106 /* FloraView.swift in Sources */,
				EBC2A7C824A9135900F9F6BE /* AppDelegate.swift in Sources */,
				EB4847E424A94BAD00E92106 /* FloraRouter.swift in Sources */,
				EBC2A7CA24A9135900F9F6BE /* SceneDelegate.swift in Sources */,
				EBC2A7FB24A942C000F9F6BE /* RootView.swift in Sources */,
				EBC2A7CC24A9135900F9F6BE /* LoginView.swift in Sources */,
				EBC2A7F924A92F4900F9F6BE /* HttpAuth.swift in Sources */,
			);
			runOnlyForDeploymentPostprocessing = 0;
		};
		EBC2A7D624A9135A00F9F6BE /* Sources */ = {
			isa = PBXSourcesBuildPhase;
			buildActionMask = 2147483647;
			files = (
				EBC2A7DF24A9135A00F9F6BE /* FloraTests.swift in Sources */,
			);
			runOnlyForDeploymentPostprocessing = 0;
		};
		EBC2A7E124A9135A00F9F6BE /* Sources */ = {
			isa = PBXSourcesBuildPhase;
			buildActionMask = 2147483647;
			files = (
				EBC2A7EA24A9135A00F9F6BE /* FloraUITests.swift in Sources */,
			);
			runOnlyForDeploymentPostprocessing = 0;
		};
/* End PBXSourcesBuildPhase section */

/* Begin PBXTargetDependency section */
		EBC2A7DC24A9135A00F9F6BE /* PBXTargetDependency */ = {
			isa = PBXTargetDependency;
			target = EBC2A7C324A9135900F9F6BE /* Flora */;
			targetProxy = EBC2A7DB24A9135A00F9F6BE /* PBXContainerItemProxy */;
		};
		EBC2A7E724A9135A00F9F6BE /* PBXTargetDependency */ = {
			isa = PBXTargetDependency;
			target = EBC2A7C324A9135900F9F6BE /* Flora */;
			targetProxy = EBC2A7E624A9135A00F9F6BE /* PBXContainerItemProxy */;
		};
/* End PBXTargetDependency section */

/* Begin PBXVariantGroup section */
		EBC2A7D224A9135A00F9F6BE /* LaunchScreen.storyboard */ = {
			isa = PBXVariantGroup;
			children = (
				EBC2A7D324A9135A00F9F6BE /* Base */,
			);
			name = LaunchScreen.storyboard;
			sourceTree = "<group>";
		};
/* End PBXVariantGroup section */

/* Begin XCBuildConfiguration section */
		EBC2A7EC24A9135A00F9F6BE /* Debug */ = {
			isa = XCBuildConfiguration;
			buildSettings = {
				ALWAYS_SEARCH_USER_PATHS = NO;
				CLANG_ANALYZER_NONNULL = YES;
				CLANG_ANALYZER_NUMBER_OBJECT_CONVERSION = YES_AGGRESSIVE;
				CLANG_CXX_LANGUAGE_STANDARD = "gnu++14";
				CLANG_CXX_LIBRARY = "libc++";
				CLANG_ENABLE_MODULES = YES;
				CLANG_ENABLE_OBJC_ARC = YES;
				CLANG_ENABLE_OBJC_WEAK = YES;
				CLANG_WARN_BLOCK_CAPTURE_AUTORELEASING = YES;
				CLANG_WARN_BOOL_CONVERSION = YES;
				CLANG_WARN_COMMA = YES;
				CLANG_WARN_CONSTANT_CONVERSION = YES;
				CLANG_WARN_DEPRECATED_OBJC_IMPLEMENTATIONS = YES;
				CLANG_WARN_DIRECT_OBJC_ISA_USAGE = YES_ERROR;
				CLANG_WARN_DOCUMENTATION_COMMENTS = YES;
				CLANG_WARN_EMPTY_BODY = YES;
				CLANG_WARN_ENUM_CONVERSION = YES;
				CLANG_WARN_INFINITE_RECURSION = YES;
				CLANG_WARN_INT_CONVERSION = YES;
				CLANG_WARN_NON_LITERAL_NULL_CONVERSION = YES;
				CLANG_WARN_OBJC_IMPLICIT_RETAIN_SELF = YES;
				CLANG_WARN_OBJC_LITERAL_CONVERSION = YES;
				CLANG_WARN_OBJC_ROOT_CLASS = YES_ERROR;
				CLANG_WARN_RANGE_LOOP_ANALYSIS = YES;
				CLANG_WARN_STRICT_PROTOTYPES = YES;
				CLANG_WARN_SUSPICIOUS_MOVE = YES;
				CLANG_WARN_UNGUARDED_AVAILABILITY = YES_AGGRESSIVE;
				CLANG_WARN_UNREACHABLE_CODE = YES;
				CLANG_WARN__DUPLICATE_METHOD_MATCH = YES;
				COPY_PHASE_STRIP = NO;
				DEBUG_INFORMATION_FORMAT = dwarf;
				ENABLE_STRICT_OBJC_MSGSEND = YES;
				ENABLE_TESTABILITY = YES;
				GCC_C_LANGUAGE_STANDARD = gnu11;
				GCC_DYNAMIC_NO_PIC = NO;
				GCC_NO_COMMON_BLOCKS = YES;
				GCC_OPTIMIZATION_LEVEL = 0;
				GCC_PREPROCESSOR_DEFINITIONS = (
					"DEBUG=1",
					"$(inherited)",
				);
				GCC_WARN_64_TO_32_BIT_CONVERSION = YES;
				GCC_WARN_ABOUT_RETURN_TYPE = YES_ERROR;
				GCC_WARN_UNDECLARED_SELECTOR = YES;
				GCC_WARN_UNINITIALIZED_AUTOS = YES_AGGRESSIVE;
				GCC_WARN_UNUSED_FUNCTION = YES;
				GCC_WARN_UNUSED_VARIABLE = YES;
				IPHONEOS_DEPLOYMENT_TARGET = 13.5;
				MTL_ENABLE_DEBUG_INFO = INCLUDE_SOURCE;
				MTL_FAST_MATH = YES;
				ONLY_ACTIVE_ARCH = YES;
				SDKROOT = iphoneos;
				SWIFT_ACTIVE_COMPILATION_CONDITIONS = DEBUG;
				SWIFT_OPTIMIZATION_LEVEL = "-Onone";
			};
			name = Debug;
		};
		EBC2A7ED24A9135A00F9F6BE /* Release */ = {
			isa = XCBuildConfiguration;
			buildSettings = {
				ALWAYS_SEARCH_USER_PATHS = NO;
				CLANG_ANALYZER_NONNULL = YES;
				CLANG_ANALYZER_NUMBER_OBJECT_CONVERSION = YES_AGGRESSIVE;
				CLANG_CXX_LANGUAGE_STANDARD = "gnu++14";
				CLANG_CXX_LIBRARY = "libc++";
				CLANG_ENABLE_MODULES = YES;
				CLANG_ENABLE_OBJC_ARC = YES;
				CLANG_ENABLE_OBJC_WEAK = YES;
				CLANG_WARN_BLOCK_CAPTURE_AUTORELEASING = YES;
				CLANG_WARN_BOOL_CONVERSION = YES;
				CLANG_WARN_COMMA = YES;
				CLANG_WARN_CONSTANT_CONVERSION = YES;
				CLANG_WARN_DEPRECATED_OBJC_IMPLEMENTATIONS = YES;
				CLANG_WARN_DIRECT_OBJC_ISA_USAGE = YES_ERROR;
				CLANG_WARN_DOCUMENTATION_COMMENTS = YES;
				CLANG_WARN_EMPTY_BODY = YES;
				CLANG_WARN_ENUM_CONVERSION = YES;
				CLANG_WARN_INFINITE_RECURSION = YES;
				CLANG_WARN_INT_CONVERSION = YES;
				CLANG_WARN_NON_LITERAL_NULL_CONVERSION = YES;
				CLANG_WARN_OBJC_IMPLICIT_RETAIN_SELF = YES;
				CLANG_WARN_OBJC_LITERAL_CONVERSION = YES;
				CLANG_WARN_OBJC_ROOT_CLASS = YES_ERROR;
				CLANG_WARN_RANGE_LOOP_ANALYSIS = YES;
				CLANG_WARN_STRICT_PROTOTYPES = YES;
				CLANG_WARN_SUSPICIOUS_MOVE = YES;
				CLANG_WARN_UNGUARDED_AVAILABILITY = YES_AGGRESSIVE;
				CLANG_WARN_UNREACHABLE_CODE = YES;
				CLANG_WARN__DUPLICATE_METHOD_MATCH = YES;
				COPY_PHASE_STRIP = NO;
				DEBUG_INFORMATION_FORMAT = "dwarf-with-dsym";
				ENABLE_NS_ASSERTIONS = NO;
				ENABLE_STRICT_OBJC_MSGSEND = YES;
				GCC_C_LANGUAGE_STANDARD = gnu11;
				GCC_NO_COMMON_BLOCKS = YES;
				GCC_WARN_64_TO_32_BIT_CONVERSION = YES;
				GCC_WARN_ABOUT_RETURN_TYPE = YES_ERROR;
				GCC_WARN_UNDECLARED_SELECTOR = YES;
				GCC_WARN_UNINITIALIZED_AUTOS = YES_AGGRESSIVE;
				GCC_WARN_UNUSED_FUNCTION = YES;
				GCC_WARN_UNUSED_VARIABLE = YES;
				IPHONEOS_DEPLOYMENT_TARGET = 13.5;
				MTL_ENABLE_DEBUG_INFO = NO;
				MTL_FAST_MATH = YES;
				SDKROOT = iphoneos;
				SWIFT_COMPILATION_MODE = wholemodule;
				SWIFT_OPTIMIZATION_LEVEL = "-O";
				VALIDATE_PRODUCT = YES;
			};
			name = Release;
		};
		EBC2A7EF24A9135A00F9F6BE /* Debug */ = {
			isa = XCBuildConfiguration;
			buildSettings = {
				ASSETCATALOG_COMPILER_APPICON_NAME = AppIcon;
				CODE_SIGN_STYLE = Automatic;
				DEVELOPMENT_ASSET_PATHS = "\"Flora/Preview Content\"";
				ENABLE_PREVIEWS = YES;
				INFOPLIST_FILE = Flora/Info.plist;
				LD_RUNPATH_SEARCH_PATHS = (
					"$(inherited)",
					"@executable_path/Frameworks",
				);
				PRODUCT_BUNDLE_IDENTIFIER = dr.meamuri.Flora;
				PRODUCT_NAME = "$(TARGET_NAME)";
				SWIFT_VERSION = 5.0;
				TARGETED_DEVICE_FAMILY = "1,2";
			};
			name = Debug;
		};
		EBC2A7F024A9135A00F9F6BE /* Release */ = {
			isa = XCBuildConfiguration;
			buildSettings = {
				ASSETCATALOG_COMPILER_APPICON_NAME = AppIcon;
				CODE_SIGN_STYLE = Automatic;
				DEVELOPMENT_ASSET_PATHS = "\"Flora/Preview Content\"";
				ENABLE_PREVIEWS = YES;
				INFOPLIST_FILE = Flora/Info.plist;
				LD_RUNPATH_SEARCH_PATHS = (
					"$(inherited)",
					"@executable_path/Frameworks",
				);
				PRODUCT_BUNDLE_IDENTIFIER = dr.meamuri.Flora;
				PRODUCT_NAME = "$(TARGET_NAME)";
				SWIFT_VERSION = 5.0;
				TARGETED_DEVICE_FAMILY = "1,2";
			};
			name = Release;
		};
		EBC2A7F224A9135A00F9F6BE /* Debug */ = {
			isa = XCBuildConfiguration;
			buildSettings = {
				ALWAYS_EMBED_SWIFT_STANDARD_LIBRARIES = YES;
				BUNDLE_LOADER = "$(TEST_HOST)";
				CODE_SIGN_STYLE = Automatic;
				INFOPLIST_FILE = FloraTests/Info.plist;
				IPHONEOS_DEPLOYMENT_TARGET = 13.5;
				LD_RUNPATH_SEARCH_PATHS = (
					"$(inherited)",
					"@executable_path/Frameworks",
					"@loader_path/Frameworks",
				);
				PRODUCT_BUNDLE_IDENTIFIER = dr.meamuri.FloraTests;
				PRODUCT_NAME = "$(TARGET_NAME)";
				SWIFT_VERSION = 5.0;
				TARGETED_DEVICE_FAMILY = "1,2";
				TEST_HOST = "$(BUILT_PRODUCTS_DIR)/Flora.app/Flora";
			};
			name = Debug;
		};
		EBC2A7F324A9135A00F9F6BE /* Release */ = {
			isa = XCBuildConfiguration;
			buildSettings = {
				ALWAYS_EMBED_SWIFT_STANDARD_LIBRARIES = YES;
				BUNDLE_LOADER = "$(TEST_HOST)";
				CODE_SIGN_STYLE = Automatic;
				INFOPLIST_FILE = FloraTests/Info.plist;
				IPHONEOS_DEPLOYMENT_TARGET = 13.5;
				LD_RUNPATH_SEARCH_PATHS = (
					"$(inherited)",
					"@executable_path/Frameworks",
					"@loader_path/Frameworks",
				);
				PRODUCT_BUNDLE_IDENTIFIER = dr.meamuri.FloraTests;
				PRODUCT_NAME = "$(TARGET_NAME)";
				SWIFT_VERSION = 5.0;
				TARGETED_DEVICE_FAMILY = "1,2";
				TEST_HOST = "$(BUILT_PRODUCTS_DIR)/Flora.app/Flora";
			};
			name = Release;
		};
		EBC2A7F524A9135A00F9F6BE /* Debug */ = {
			isa = XCBuildConfiguration;
			buildSettings = {
				ALWAYS_EMBED_SWIFT_STANDARD_LIBRARIES = YES;
				CODE_SIGN_STYLE = Automatic;
				INFOPLIST_FILE = FloraUITests/Info.plist;
				LD_RUNPATH_SEARCH_PATHS = (
					"$(inherited)",
					"@executable_path/Frameworks",
					"@loader_path/Frameworks",
				);
				PRODUCT_BUNDLE_IDENTIFIER = dr.meamuri.FloraUITests;
				PRODUCT_NAME = "$(TARGET_NAME)";
				SWIFT_VERSION = 5.0;
				TARGETED_DEVICE_FAMILY = "1,2";
				TEST_TARGET_NAME = Flora;
			};
			name = Debug;
		};
		EBC2A7F624A9135A00F9F6BE /* Release */ = {
			isa = XCBuildConfiguration;
			buildSettings = {
				ALWAYS_EMBED_SWIFT_STANDARD_LIBRARIES = YES;
				CODE_SIGN_STYLE = Automatic;
				INFOPLIST_FILE = FloraUITests/Info.plist;
				LD_RUNPATH_SEARCH_PATHS = (
					"$(inherited)",
					"@executable_path/Frameworks",
					"@loader_path/Frameworks",
				);
				PRODUCT_BUNDLE_IDENTIFIER = dr.meamuri.FloraUITests;
				PRODUCT_NAME = "$(TARGET_NAME)";
				SWIFT_VERSION = 5.0;
				TARGETED_DEVICE_FAMILY = "1,2";
				TEST_TARGET_NAME = Flora;
			};
			name = Release;
		};
/* End XCBuildConfiguration section */

/* Begin XCConfigurationList section */
		EBC2A7BF24A9135900F9F6BE /* Build configuration list for PBXProject "Flora" */ = {
			isa = XCConfigurationList;
			buildConfigurations = (
				EBC2A7EC24A9135A00F9F6BE /* Debug */,
				EBC2A7ED24A9135A00F9F6BE /* Release */,
			);
			defaultConfigurationIsVisible = 0;
			defaultConfigurationName = Release;
		};
		EBC2A7EE24A9135A00F9F6BE /* Build configuration list for PBXNativeTarget "Flora" */ = {
			isa = XCConfigurationList;
			buildConfigurations = (
				EBC2A7EF24A9135A00F9F6BE /* Debug */,
				EBC2A7F024A9135A00F9F6BE /* Release */,
			);
			defaultConfigurationIsVisible = 0;
			defaultConfigurationName = Release;
		};
		EBC2A7F124A9135A00F9F6BE /* Build configuration list for PBXNativeTarget "FloraTests" */ = {
			isa = XCConfigurationList;
			buildConfigurations = (
				EBC2A7F224A9135A00F9F6BE /* Debug */,
				EBC2A7F324A9135A00F9F6BE /* Release */,
			);
			defaultConfigurationIsVisible = 0;
			defaultConfigurationName = Release;
		};
		EBC2A7F424A9135A00F9F6BE /* Build configuration list for PBXNativeTarget "FloraUITests" */ = {
			isa = XCConfigurationList;
			buildConfigurations = (
				EBC2A7F524A9135A00F9F6BE /* Debug */,
				EBC2A7F624A9135A00F9F6BE /* Release */,
			);
			defaultConfigurationIsVisible = 0;
			defaultConfigurationName = Release;
		};
/* End XCConfigurationList section */
	};
	rootObject = EBC2A7BC24A9135900F9F6BE /* Project object */;
}
